github.com/anthropics/anthropic-sdk-go v0.2.0-alpha.8 h1:example...
github.com/gin-gonic/gin v1.10.0 h1:example...
github.com/google/uuid v1.6.0 h1:example...
github.com/joho/godotenv v1.5.1 h1:example...
github.com/ledongthuc/pdf v0.0.0-20240201131950-da5b75280b06 h1:example...
github.com/lib/pq v1.10.9 h1:example...
github.com/pgvector/pgvector-go v0.2.2 h1:example...
github.com/spf13/cobra v1.8.1 h1:example...
